{
  "name": "mapbox-gl-heatmap-canvas",
  "version": "1.0.0",
  "lockfileVersion": 3,
  "requires": true,
  "packages": {
    "": {
      "name": "mapbox-gl-heatmap-canvas",
      "version": "1.0.0",
      "license": "MIT",
      "devDependencies": {
        "@types/mapbox-gl": "^3.1.0",
        "typescript": "^5.3.0"
      }
    },
    "node_modules/@types/geojson": {
      "version": "7946.0.16",
      "resolved": "https://registry.npmjs.org/@types/geojson/-/geojson-7946.0.16.tgz",
      "integrity": "sha512-6C8nqWur3j98U6+lXDfTUWIfgvZU+EumvpHKcYjujKH7woYyLj2sUmff0tRhrqM7BohUw7Pz3ZB1jj2gW9Fvmg==",
      "dev": true,
      "license": "MIT"
    },
    "node_modules/@types/mapbox-gl": {
      "version": "3.4.1",
      "resolved": "https://registry.npmjs.org/@types/mapbox-gl/-/mapbox-gl-3.4.1.tgz",
      "integrity": "sha512-NsGKKtgW93B+UaLPti6B7NwlxYlES5DpV5Gzj9F75rK5ALKsqSk15CiEHbOnTr09RGbr6ZYiCdI+59NNNcAImg==",
      "dev": true,
      "license": "MIT",
      "dependencies": {
        "@types/geojson": "*"
      }
    },
    "node_modules/typescript": {
      "version": "5.8.3",
      "resolved": "https://registry.npmjs.org/typescript/-/typescript-5.8.3.tgz",
      "integrity": "sha512-p1diW6TqL9L07nNxvRMM7hMMw4c5XOo/1ibL4aAIGmSAt9slTE1Xgw5KWuof2uTOvCg9BY7ZRi+GaF+7sfgPeQ==",
      "dev": true,
      "license": "Apache-2.0",
      "bin": {
        "tsc": "bin/tsc",
        "tsserver": "bin/tsserver"
      },
      "engines": {
        "node": ">=14.17"
      }
    }
  }
}
