{
  "name": "mapbox-gl-heatmap-canvas",
  "version": "1.0.0",
  "lockfileVersion": 2,
  "requires": true,
  "packages": {
    "": {
      "name": "mapbox-gl-heatmap-canvas",
      "version": "1.0.0",
      "license": "MIT",
      "devDependencies": {
        "@types/mapbox-gl": "^2.7.6",
        "typescript": "^4.8.4"
      }
    },
    "node_modules/@types/geojson": {
      "version": "7946.0.10",
      "resolved": "https://registry.npmjs.org/@types/geojson/-/geojson-7946.0.10.tgz",
      "integrity": "sha512-Nmh0K3iWQJzniTuPRcJn5hxXkfB1T1pgB89SBig5PlJQU5yocazeu4jATJlaA0GYFKWMqDdvYemoSnF2pXgLVA==",
      "dev": true
    },
    "node_modules/@types/mapbox-gl": {
      "version": "2.7.6",
      "resolved": "https://registry.npmjs.org/@types/mapbox-gl/-/mapbox-gl-2.7.6.tgz",
      "integrity": "sha512-EPIfNO7WApXaFM7DuJBj+kpXmqffqJHMJ3Q9gbV/nNL23XHR0PC5CCDYbAFa4tKErm0xJd9C5kPLF6KvA/cRcA==",
      "dev": true,
      "dependencies": {
        "@types/geojson": "*"
      }
    },
    "node_modules/typescript": {
      "version": "4.8.4",
      "resolved": "https://registry.npmjs.org/typescript/-/typescript-4.8.4.tgz",
      "integrity": "sha512-QCh+85mCy+h0IGff8r5XWzOVSbBO+KfeYrMQh7NJ58QujwcE22u+NUSmUxqF+un70P9GXKxa2HCNiTTMJknyjQ==",
      "dev": true,
      "bin": {
        "tsc": "bin/tsc",
        "tsserver": "bin/tsserver"
      },
      "engines": {
        "node": ">=4.2.0"
      }
    }
  },
  "dependencies": {
    "@types/geojson": {
      "version": "7946.0.10",
      "resolved": "https://registry.npmjs.org/@types/geojson/-/geojson-7946.0.10.tgz",
      "integrity": "sha512-Nmh0K3iWQJzniTuPRcJn5hxXkfB1T1pgB89SBig5PlJQU5yocazeu4jATJlaA0GYFKWMqDdvYemoSnF2pXgLVA==",
      "dev": true
    },
    "@types/mapbox-gl": {
      "version": "2.7.6",
      "resolved": "https://registry.npmjs.org/@types/mapbox-gl/-/mapbox-gl-2.7.6.tgz",
      "integrity": "sha512-EPIfNO7WApXaFM7DuJBj+kpXmqffqJHMJ3Q9gbV/nNL23XHR0PC5CCDYbAFa4tKErm0xJd9C5kPLF6KvA/cRcA==",
      "dev": true,
      "requires": {
        "@types/geojson": "*"
      }
    },
    "typescript": {
      "version": "4.8.4",
      "resolved": "https://registry.npmjs.org/typescript/-/typescript-4.8.4.tgz",
      "integrity": "sha512-QCh+85mCy+h0IGff8r5XWzOVSbBO+KfeYrMQh7NJ58QujwcE22u+NUSmUxqF+un70P9GXKxa2HCNiTTMJknyjQ==",
      "dev": true
    }
  }
}
